{
  "lockfileVersion": 2,
  "configVersion": 1,
  "workspaces": {
    "": {
      "name": "sailbreak-proto-ui-bridge-bundle",
      "dependencies": {
        "@proto.ui/core": "0.2.0",
        "@proto.ui/module-a11y": "0.2.0",
        "@proto.ui/module-as-trigger": "0.2.0",
        "@proto.ui/module-event": "0.2.0",
        "@proto.ui/module-expose-state": "0.2.0",
        "@proto.ui/module-feedback": "0.2.0",
        "@proto.ui/module-focus": "0.2.0",
        "@proto.ui/prototypes-shadcn": "0.2.0",
        "@proto.ui/runtime": "0.2.0",
      },
    },
  },
  "packages": {
    "@floating-ui/core": ["@floating-ui/core@1.8.0", "https://registry.npmmirror.com/@floating-ui/core/-/core-1.8.0.tgz", { "dependencies": { "@floating-ui/utils": "^0.2.12" } }, "sha512-0CIZ5itps/8x7BG8dEIhs53BvCUH2PCoogtakwRTut+Arm58sJooJ0AuZhLw2HJYIR5cMLNPBSS728sPho2khQ=="],

    "@floating-ui/dom": ["@floating-ui/dom@1.8.0", "https://registry.npmmirror.com/@floating-ui/dom/-/dom-1.8.0.tgz", { "dependencies": { "@floating-ui/core": "^1.8.0", "@floating-ui/utils": "^0.2.12" } }, "sha512-yXSrzeHZBTZadLOlfyhCkJHNeLJnHRnRInwdZ40L7ZiaAtrBwoYlsDrX3v5zB1Utk7CLfzcOVnVVWoXEky7Ceg=="],

    "@floating-ui/utils": ["@floating-ui/utils@0.2.12", "https://registry.npmmirror.com/@floating-ui/utils/-/utils-0.2.12.tgz", {}, "sha512-HpCo8tmWzLVad5s2d19EhAz5zqrrQ6s69qd6moPMQvkOuSwDT1YgRfWSVuc4ennqrgv3OHppiOGMQ7oC13yIww=="],

    "@proto.ui/core": ["@proto.ui/core@0.2.0", "https://registry.npmmirror.com/@proto.ui/core/-/core-0.2.0.tgz", {}, "sha512-L4f6rih1sAcudtYeYpMg9g1dwrUutm+pTk5FeDKcbbfdimLn+dKB9jUWS1USLaUNKMBJ4bPBcHRw/+J3j5pXtA=="],

    "@proto.ui/hooks": ["@proto.ui/hooks@0.2.0", "https://registry.npmmirror.com/@proto.ui/hooks/-/hooks-0.2.0.tgz", { "dependencies": { "@proto.ui/core": "0.2.0", "@proto.ui/module-anatomy": "0.2.0", "@proto.ui/module-collection": "0.2.0", "@proto.ui/types": "0.2.0" } }, "sha512-62l1BcDb9VMu0ly4trpxUdcqOGWKCu/uc7F92RGCurL8AXUs6hxdEGYmhYrWbQMdbu1z/GE0QCi9V5v0DZLZdQ=="],

    "@proto.ui/module-a11y": ["@proto.ui/module-a11y@0.2.0", "https://registry.npmmirror.com/@proto.ui/module-a11y/-/module-a11y-0.2.0.tgz", { "dependencies": { "@proto.ui/core": "0.2.0", "@proto.ui/module-base": "0.2.0", "@proto.ui/module-state": "0.2.0" } }, "sha512-h2mcKqYL6CmpBqvEccuamZtQwGyWYYh54zkCZCAwTu334H3z3y9lFNXI/yXxoVq71SqjGtUI+gv++gxYMWgztA=="],

    "@proto.ui/module-anatomy": ["@proto.ui/module-anatomy@0.2.0", "https://registry.npmmirror.com/@proto.ui/module-anatomy/-/module-anatomy-0.2.0.tgz", { "dependencies": { "@proto.ui/core": "0.2.0", "@proto.ui/module-base": "0.2.0", "@proto.ui/module-expose": "0.2.0" } }, "sha512-cJAfPXo0OuLQSDULbtiU2w9ThEr0uQLWBajIdDlr65yzWi5SPVdNnS8AZgy1k5UE6BETDfugKcD4e/HxGoe3dg=="],

    "@proto.ui/module-as-trigger": ["@proto.ui/module-as-trigger@0.2.0", "https://registry.npmmirror.com/@proto.ui/module-as-trigger/-/module-as-trigger-0.2.0.tgz", { "dependencies": { "@proto.ui/core": "0.2.0", "@proto.ui/module-base": "0.2.0", "@proto.ui/module-event": "0.2.0" } }, "sha512-exSbNxFy6JA7pUXftfMdVLx+66Z1i1qf/ZQS+it3pu3X1M33LrLkvTlzOJogQSkv0n3CbYhdn3SHyrIndhPetg=="],

    "@proto.ui/module-base": ["@proto.ui/module-base@0.2.0", "https://registry.npmmirror.com/@proto.ui/module-base/-/module-base-0.2.0.tgz", { "dependencies": { "@proto.ui/core": "0.2.0" } }, "sha512-cRekumkeYTXrKnvWnMGQLPcoMrho1wtDu0i9AlnnekwOX3JcQUpML5ILLkbjD1VbHCzplbmnLU2FFk+DmyPeKQ=="],

    "@proto.ui/module-boundary": ["@proto.ui/module-boundary@0.2.0", "https://registry.npmmirror.com/@proto.ui/module-boundary/-/module-boundary-0.2.0.tgz", { "dependencies": { "@proto.ui/core": "0.2.0", "@proto.ui/module-base": "0.2.0", "@proto.ui/module-event": "0.2.0", "@proto.ui/types": "0.2.0" } }, "sha512-u+Qt97cJ4wfNDrWEBxSIoETZFjzQZ0TTLjUt7Dq8TAgr1owYw1xu//ULN35H0rv9mUYxHUnPiPODm07qr0Kt5Q=="],

    "@proto.ui/module-collection": ["@proto.ui/module-collection@0.2.0", "https://registry.npmmirror.com/@proto.ui/module-collection/-/module-collection-0.2.0.tgz", { "dependencies": { "@proto.ui/core": "0.2.0", "@proto.ui/module-anatomy": "0.2.0", "@proto.ui/module-base": "0.2.0", "@proto.ui/types": "0.2.0" } }, "sha512-xkOV86WBc5DcjPTIJ2wm9EiNT5kfnNRdszCBB+Pf0Q/qPQGkFoKrBmmWLCf8zd97g5aDZuxwz+1I5pa8v+e0sw=="],

    "@proto.ui/module-context": ["@proto.ui/module-context@0.2.0", "https://registry.npmmirror.com/@proto.ui/module-context/-/module-context-0.2.0.tgz", { "dependencies": { "@proto.ui/core": "0.2.0", "@proto.ui/module-base": "0.2.0", "@proto.ui/types": "0.2.0" } }, "sha512-3LJW1uHs9nhCq2aZ01R8UFRkQOtO3E7aujgz9ff0UBoUcallvE36TMvxFMsP9K4raGAmhwt2yujgNLZ69IWMMg=="],

    "@proto.ui/module-event": ["@proto.ui/module-event@0.2.0", "https://registry.npmmirror.com/@proto.ui/module-event/-/module-event-0.2.0.tgz", { "dependencies": { "@proto.ui/core": "0.2.0", "@proto.ui/module-base": "0.2.0", "@proto.ui/types": "0.2.0" } }, "sha512-/8uItv5jA9cCA1RXTQz9zr4cYPcm0R5SW2NNuJOLIivB30orU4CW+Q6CtB6SXoegy7XQsIT+imbWc+GvosENTg=="],

    "@proto.ui/module-expose": ["@proto.ui/module-expose@0.2.0", "https://registry.npmmirror.com/@proto.ui/module-expose/-/module-expose-0.2.0.tgz", { "dependencies": { "@proto.ui/core": "0.2.0", "@proto.ui/module-base": "0.2.0" } }, "sha512-q4hpLDIN2Od99zNRY/XTKv29Bp/d0GwX4OIKvH4sUwYuZVeo+rj+ccYFvdHy/mExLjP9tL2l7nbvndqz47BGGA=="],

    "@proto.ui/module-expose-state": ["@proto.ui/module-expose-state@0.2.0", "https://registry.npmmirror.com/@proto.ui/module-expose-state/-/module-expose-state-0.2.0.tgz", { "dependencies": { "@proto.ui/core": "0.2.0", "@proto.ui/module-base": "0.2.0", "@proto.ui/module-expose": "0.2.0", "@proto.ui/module-state": "0.2.0", "@proto.ui/types": "0.2.0" } }, "sha512-jhOPcTjn92jLGLXf9AxDoXXUtutEsKStUWqcDzcrdf4bIdaXCDrdSkxyFk8RHTlqDXs82tHibHyQ/Mi27Sq48Q=="],

    "@proto.ui/module-expose-state-web": ["@proto.ui/module-expose-state-web@0.2.0", "https://registry.npmmirror.com/@proto.ui/module-expose-state-web/-/module-expose-state-web-0.2.0.tgz", { "dependencies": { "@proto.ui/core": "0.2.0", "@proto.ui/module-base": "0.2.0", "@proto.ui/module-expose-state": "0.2.0", "@proto.ui/types": "0.2.0" } }, "sha512-5Kh2VyBHGLpg5zdZDnOKy6qXqigOPZmROtz/cK157AY7rBaE3/lCT4TT5xygTKVP/fGEenIuYCZO5KNBW6xLSg=="],

    "@proto.ui/module-feedback": ["@proto.ui/module-feedback@0.2.0", "https://registry.npmmirror.com/@proto.ui/module-feedback/-/module-feedback-0.2.0.tgz", { "dependencies": { "@proto.ui/core": "0.2.0", "@proto.ui/module-base": "0.2.0" } }, "sha512-a7wDwzlqTogzZFlBtTXKbm+m82Z+oGa1Z9lth5kDdHzX5qU4x2AQtiBw7feRvYtR/AIGTdwL+mae5roSPtJZNw=="],

    "@proto.ui/module-focus": ["@proto.ui/module-focus@0.2.0", "https://registry.npmmirror.com/@proto.ui/module-focus/-/module-focus-0.2.0.tgz", { "dependencies": { "@proto.ui/core": "0.2.0", "@proto.ui/module-base": "0.2.0", "@proto.ui/module-event": "0.2.0", "@proto.ui/module-state": "0.2.0", "@proto.ui/types": "0.2.0" } }, "sha512-hc4m2sH1F2mhzwPNHrRGgxzgqW3i7KIGRY0UzTSgb9HOp3L8I58WyWNRAXH/pF+LNReCaD1HyPhsosFgruidbA=="],

    "@proto.ui/module-hit-participation": ["@proto.ui/module-hit-participation@0.2.0", "https://registry.npmmirror.com/@proto.ui/module-hit-participation/-/module-hit-participation-0.2.0.tgz", { "dependencies": { "@proto.ui/core": "0.2.0", "@proto.ui/module-base": "0.2.0", "@proto.ui/types": "0.2.0" } }, "sha512-oBWzvB54kPjh1Wq3sdUmCSiLIB6AIb3UOpoT3GpKaq/nSWEmPjNuXwWvXRNd75r17i0m21djhnXNBU9PEthztw=="],

    "@proto.ui/module-overlay": ["@proto.ui/module-overlay@0.2.0", "https://registry.npmmirror.com/@proto.ui/module-overlay/-/module-overlay-0.2.0.tgz", { "dependencies": { "@proto.ui/core": "0.2.0", "@proto.ui/module-anatomy": "0.2.0", "@proto.ui/module-base": "0.2.0", "@proto.ui/module-boundary": "0.2.0", "@proto.ui/module-event": "0.2.0", "@proto.ui/module-positioning": "0.2.0", "@proto.ui/types": "0.2.0" } }, "sha512-ZRknPYF+IBvBVzTDz7asKQi0AO45yk/o8G98fY2pWyJ9BuNKsadqDtVWMn1yhz0pnW3eHwivAvEzAArCM5rSOQ=="],

    "@proto.ui/module-positioning": ["@proto.ui/module-positioning@0.2.0", "https://registry.npmmirror.com/@proto.ui/module-positioning/-/module-positioning-0.2.0.tgz", { "dependencies": { "@floating-ui/dom": "^1.7.4", "@proto.ui/core": "0.2.0", "@proto.ui/module-base": "0.2.0" } }, "sha512-Ws9SB/DxQtSZhoni1ZT+aonfp691VTcvqQUzJWVIwtACsSveLnQUGL7DL47OQT3xgOMlBrJCD5vfBajD6n9O7A=="],

    "@proto.ui/module-presence": ["@proto.ui/module-presence@0.2.0", "https://registry.npmmirror.com/@proto.ui/module-presence/-/module-presence-0.2.0.tgz", { "dependencies": { "@proto.ui/core": "0.2.0", "@proto.ui/module-base": "0.2.0", "@proto.ui/types": "0.2.0" } }, "sha512-QXxTleudj9KW+kHhI5P8sXYeaj/DGaDmfZyjU0ZtLLZAY0TqmMSq9QQAmmCKyGgknG0194laGEJ2EUYCppQu7A=="],

    "@proto.ui/module-props": ["@proto.ui/module-props@0.2.0", "https://registry.npmmirror.com/@proto.ui/module-props/-/module-props-0.2.0.tgz", { "dependencies": { "@proto.ui/core": "0.2.0", "@proto.ui/module-base": "0.2.0", "@proto.ui/types": "0.2.0" } }, "sha512-G65m/jGSOBife/kcP1SkSA1n9FZkdcKTIH0dvdSya02ZRY+0lSLKBeAHaML/J5yOTFloGIqUfcOVAGty860USA=="],

    "@proto.ui/module-rule": ["@proto.ui/module-rule@0.2.0", "https://registry.npmmirror.com/@proto.ui/module-rule/-/module-rule-0.2.0.tgz", { "dependencies": { "@proto.ui/core": "0.2.0", "@proto.ui/module-base": "0.2.0", "@proto.ui/module-context": "0.2.0", "@proto.ui/module-feedback": "0.2.0", "@proto.ui/module-props": "0.2.0", "@proto.ui/module-state": "0.2.0", "@proto.ui/types": "0.2.0" } }, "sha512-6OfhSL0uYipJRHasIun/NNL0V8DbXRJhvKMkfrIKyXF9lSjO1NjOyBu77cy3DlwpCHSBEAqiKivspjuyT/GC5Q=="],

    "@proto.ui/module-rule-expose-state-web": ["@proto.ui/module-rule-expose-state-web@0.2.0", "https://registry.npmmirror.com/@proto.ui/module-rule-expose-state-web/-/module-rule-expose-state-web-0.2.0.tgz", { "dependencies": { "@proto.ui/core": "0.2.0", "@proto.ui/module-base": "0.2.0", "@proto.ui/module-expose-state-web": "0.2.0", "@proto.ui/module-feedback": "0.2.0", "@proto.ui/module-rule": "0.2.0", "@proto.ui/types": "0.2.0" } }, "sha512-aDuhPN6Nfn4WZudXrQ/WlYdjX6OCq3opohw3aCrTekrFQxyPXaMXESXsXTCTWy5VH3aJgX9J954wXP/BFtfeYw=="],

    "@proto.ui/module-rule-meta": ["@proto.ui/module-rule-meta@0.2.0", "https://registry.npmmirror.com/@proto.ui/module-rule-meta/-/module-rule-meta-0.2.0.tgz", { "dependencies": { "@proto.ui/core": "0.2.0", "@proto.ui/module-base": "0.2.0", "@proto.ui/module-rule": "0.2.0" } }, "sha512-KLXlGFjj8o54NeJ+JFuG+HAhkfDyerqIssfpUvXlpzBrxNlDpHTFm5tUYWJX0p46ABzrDGTnz95U2NHNw9yI4g=="],

    "@proto.ui/module-scroll": ["@proto.ui/module-scroll@0.2.0", "https://registry.npmmirror.com/@proto.ui/module-scroll/-/module-scroll-0.2.0.tgz", { "dependencies": { "@proto.ui/core": "0.2.0", "@proto.ui/module-anatomy": "0.2.0", "@proto.ui/module-base": "0.2.0", "@proto.ui/module-context": "0.2.0", "@proto.ui/module-state": "0.2.0", "@proto.ui/types": "0.2.0" } }, "sha512-3774hKzLfrU/37nQb8Sb/Gp/W7inqfV4YG56lcPPu/XwQNLSxWyKHARrNNWMD1ldCVUbmAk+Fr3+Ov1R8y0dWA=="],

    "@proto.ui/module-state": ["@proto.ui/module-state@0.2.0", "https://registry.npmmirror.com/@proto.ui/module-state/-/module-state-0.2.0.tgz", { "dependencies": { "@proto.ui/core": "0.2.0", "@proto.ui/module-base": "0.2.0", "@proto.ui/types": "0.2.0" } }, "sha512-QjnzwgBOlM/MaBFR4l7aVJr5NvY03wh8JDi7yOv5ovE56Z6wGTR7lIdD7/KQhkOPjwRcSujbLWkJrFYbsBYu8Q=="],

    "@proto.ui/module-state-accessibility": ["@proto.ui/module-state-accessibility@0.2.0", "https://registry.npmmirror.com/@proto.ui/module-state-accessibility/-/module-state-accessibility-0.2.0.tgz", { "dependencies": { "@proto.ui/core": "0.2.0", "@proto.ui/module-base": "0.2.0", "@proto.ui/module-state": "0.2.0" } }, "sha512-t3CJ0ebCFcpOQab/wITFkVKq2LGtGYUo1BivPJ6cAwyR3D4DYRMY3joYcu3TBSMR49rXR1JDjuoHwo3n8f+JYg=="],

    "@proto.ui/module-state-interaction": ["@proto.ui/module-state-interaction@0.2.0", "https://registry.npmmirror.com/@proto.ui/module-state-interaction/-/module-state-interaction-0.2.0.tgz", { "dependencies": { "@proto.ui/core": "0.2.0", "@proto.ui/module-base": "0.2.0", "@proto.ui/module-event": "0.2.0", "@proto.ui/module-state": "0.2.0" } }, "sha512-iKMHPRRL0klVFKkS22xPxjU+R2pBgwQHhFcU6BUiMiQ592vy8aCpdQ9lWidT2PsgYc06nLg68N9ZlKepYFQNqA=="],

    "@proto.ui/module-test-sys": ["@proto.ui/module-test-sys@0.2.0", "https://registry.npmmirror.com/@proto.ui/module-test-sys/-/module-test-sys-0.2.0.tgz", { "dependencies": { "@proto.ui/core": "0.2.0", "@proto.ui/module-base": "0.2.0", "@proto.ui/types": "0.2.0" } }, "sha512-AxJ/5ciHfdWQs9BNSzGzZLibh6j/JNqbfIx4mqwpknqQAENjdQDRH/kcZBwyk2SDEfj+OIb6yno8GkPT7d2l0Q=="],

    "@proto.ui/module-text-control": ["@proto.ui/module-text-control@0.2.0", "https://registry.npmmirror.com/@proto.ui/module-text-control/-/module-text-control-0.2.0.tgz", { "dependencies": { "@proto.ui/core": "0.2.0", "@proto.ui/module-base": "0.2.0", "@proto.ui/types": "0.2.0" } }, "sha512-RubOHkGy8JJtOyZCk0MnuF2yE2MWu4oJvYH8oO+npnr8A2eQvydqQT3a03wrksQgYbAg+ullTwbVEpD7dUfwWA=="],

    "@proto.ui/prototypes-base": ["@proto.ui/prototypes-base@0.2.0", "https://registry.npmmirror.com/@proto.ui/prototypes-base/-/prototypes-base-0.2.0.tgz", { "dependencies": { "@proto.ui/core": "0.2.0", "@proto.ui/hooks": "0.2.0", "@proto.ui/module-text-control": "0.2.0" } }, "sha512-1ZVtwOn1vhzHpJaDYNNbPvYmzpz98CM4r7vhxstMkJKdpapezXJc/6AzYMRoqy+mhWILDGVeWUqJsz/6cnJBrQ=="],

    "@proto.ui/prototypes-shadcn": ["@proto.ui/prototypes-shadcn@0.2.0", "https://registry.npmmirror.com/@proto.ui/prototypes-shadcn/-/prototypes-shadcn-0.2.0.tgz", { "dependencies": { "@proto.ui/core": "0.2.0", "@proto.ui/prototypes-base": "0.2.0" } }, "sha512-WYG2UUvnsI7dzOdPOzGV3tbbEa/cvK73lApmAkJr3B5+ET2fxo5UyZqLtpkgmToz+uus0+JVEG8XCS0+KaXz2A=="],

    "@proto.ui/runtime": ["@proto.ui/runtime@0.2.0", "https://registry.npmmirror.com/@proto.ui/runtime/-/runtime-0.2.0.tgz", { "dependencies": { "@proto.ui/core": "0.2.0", "@proto.ui/hooks": "0.2.0", "@proto.ui/module-a11y": "0.2.0", "@proto.ui/module-anatomy": "0.2.0", "@proto.ui/module-as-trigger": "0.2.0", "@proto.ui/module-base": "0.2.0", "@proto.ui/module-boundary": "0.2.0", "@proto.ui/module-collection": "0.2.0", "@proto.ui/module-context": "0.2.0", "@proto.ui/module-event": "0.2.0", "@proto.ui/module-expose": "0.2.0", "@proto.ui/module-expose-state": "0.2.0", "@proto.ui/module-expose-state-web": "0.2.0", "@proto.ui/module-feedback": "0.2.0", "@proto.ui/module-focus": "0.2.0", "@proto.ui/module-hit-participation": "0.2.0", "@proto.ui/module-overlay": "0.2.0", "@proto.ui/module-positioning": "0.2.0", "@proto.ui/module-presence": "0.2.0", "@proto.ui/module-props": "0.2.0", "@proto.ui/module-rule": "0.2.0", "@proto.ui/module-rule-expose-state-web": "0.2.0", "@proto.ui/module-rule-meta": "0.2.0", "@proto.ui/module-scroll": "0.2.0", "@proto.ui/module-state": "0.2.0", "@proto.ui/module-state-accessibility": "0.2.0", "@proto.ui/module-state-interaction": "0.2.0", "@proto.ui/module-test-sys": "0.2.0", "@proto.ui/module-text-control": "0.2.0", "@proto.ui/types": "0.2.0" } }, "sha512-ows44gVfpkxppnvLNQR/e1JEKdT4ALEJNWWb1orLZ8PIB8kiTIipC+SvQpTM/W3Vz8gqIm/UzHR6KA1h4jCRKw=="],

    "@proto.ui/types": ["@proto.ui/types@0.2.0", "https://registry.npmmirror.com/@proto.ui/types/-/types-0.2.0.tgz", {}, "sha512-LbqkIXAvOTl21UmvSp+fOJ/4Dd7FsSbkf5Vdm7R2vkFvuZj73QjkO623vThQIa9xla6EzzdTRkAmzY8cQwx9sA=="],
  }
}
